
Microsoft Visual Studio Solution File, Format Version 12.00
# Visual Studio Version 17
VisualStudioVersion = 17.5.33414.496
MinimumVisualStudioVersion = 10.0.40219.1
Project("{9A19103F-16F7-4668-BE54-9A1E7A4F7556}") = "ReverseString", "Palindrome\ReverseString.csproj", "{FAFE76D2-5921-4F80-9EA8-63F1156B56A1}"
EndProject
Global
	GlobalSection(SolutionConfigurationPlatforms) = preSolution
		Debug|Any CPU = Debug|Any CPU
		Release|Any CPU = Release|Any CPU
	EndGlobalSection
	GlobalSection(ProjectConfigurationPlatforms) = postSolution
		{FAFE76D2-5921-4F80-9EA8-63F1156B56A1}.Debug|Any CPU.ActiveCfg = Debug|Any CPU
		{FAFE76D2-5921-4F80-9EA8-63F1156B56A1}.Debug|Any CPU.Build.0 = Debug|Any CPU
		{FAFE76D2-5921-4F80-9EA8-63F1156B56A1}.Release|Any CPU.ActiveCfg = Release|Any CPU
		{FAFE76D2-5921-4F80-9EA8-63F1156B56A1}.Release|Any CPU.Build.0 = Release|Any CPU
	EndGlobalSection
	GlobalSection(SolutionProperties) = preSolution
		HideSolutionNode = FALSE
	EndGlobalSection
	GlobalSection(ExtensibilityGlobals) = postSolution
		SolutionGuid = {45BA6B8F-D89C-48EA-BC38-0638D2FE3B95}
	EndGlobalSection
EndGlobal
